
Microsoft Visual Studio Solution File, Format Version 12.00
# Visual Studio 15
VisualStudioVersion = 15.0.28307.1082
MinimumVisualStudioVersion = 10.0.40219.1
Project("{8BC9CEB8-8B4A-11D0-8D11-00A0C91BC942}") = "ForwardList", "ForwardList\ForwardList.vcxproj", "{C4B0B59A-0568-42BA-99E2-AE77E86310CC}"
EndProject
Project("{8BC9CEB8-8B4A-11D0-8D11-00A0C91BC942}") = "List2", "List2\List2.vcxproj", "{90587472-1D16-4DEC-B865-6FC6D559AB80}"
EndProject
Global
	GlobalSection(SolutionConfigurationPlatforms) = preSolution
		Debug|x64 = Debug|x64
		Debug|x86 = Debug|x86
		Release|x64 = Release|x64
		Release|x86 = Release|x86
	EndGlobalSection
	GlobalSection(ProjectConfigurationPlatforms) = postSolution
		{C4B0B59A-0568-42BA-99E2-AE77E86310CC}.Debug|x64.ActiveCfg = Debug|x64
		{C4B0B59A-0568-42BA-99E2-AE77E86310CC}.Debug|x64.Build.0 = Debug|x64
		{C4B0B59A-0568-42BA-99E2-AE77E86310CC}.Debug|x86.ActiveCfg = Debug|Win32
		{C4B0B59A-0568-42BA-99E2-AE77E86310CC}.Debug|x86.Build.0 = Debug|Win32
		{C4B0B59A-0568-42BA-99E2-AE77E86310CC}.Release|x64.ActiveCfg = Release|x64
		{C4B0B59A-0568-42BA-99E2-AE77E86310CC}.Release|x64.Build.0 = Release|x64
		{C4B0B59A-0568-42BA-99E2-AE77E86310CC}.Release|x86.ActiveCfg = Release|Win32
		{C4B0B59A-0568-42BA-99E2-AE77E86310CC}.Release|x86.Build.0 = Release|Win32
		{90587472-1D16-4DEC-B865-6FC6D559AB80}.Debug|x64.ActiveCfg = Debug|x64
		{90587472-1D16-4DEC-B865-6FC6D559AB80}.Debug|x64.Build.0 = Debug|x64
		{90587472-1D16-4DEC-B865-6FC6D559AB80}.Debug|x86.ActiveCfg = Debug|Win32
		{90587472-1D16-4DEC-B865-6FC6D559AB80}.Debug|x86.Build.0 = Debug|Win32
		{90587472-1D16-4DEC-B865-6FC6D559AB80}.Release|x64.ActiveCfg = Release|x64
		{90587472-1D16-4DEC-B865-6FC6D559AB80}.Release|x64.Build.0 = Release|x64
		{90587472-1D16-4DEC-B865-6FC6D559AB80}.Release|x86.ActiveCfg = Release|Win32
		{90587472-1D16-4DEC-B865-6FC6D559AB80}.Release|x86.Build.0 = Release|Win32
	EndGlobalSection
	GlobalSection(SolutionProperties) = preSolution
		HideSolutionNode = FALSE
	EndGlobalSection
	GlobalSection(ExtensibilityGlobals) = postSolution
		SolutionGuid = {F77DD960-55F4-4B0D-BD7B-43C8AF630D59}
	EndGlobalSection
EndGlobal
